
﻿
Microsoft Visual Studio Solution File, Format Version 12.00
# Visual Studio Version 18
VisualStudioVersion = 18.7.11811.120 insiders
MinimumVisualStudioVersion = 10.0.40219.1
Project("{FAE04EC0-301F-11D3-BF4B-00C04F79EFBC}") = "BugPro", "BugPro\BugPro.csproj", "{CBF60187-BC45-451A-BCD5-5813B6E80C36}"
EndProject
Project("{FAE04EC0-301F-11D3-BF4B-00C04F79EFBC}") = "BugTests", "BugTests\BugTests.csproj", "{5A4A80FB-5308-472E-9D62-951DD533FDD6}"
EndProject
Global
	GlobalSection(SolutionConfigurationPlatforms) = preSolution
		Debug|Any CPU = Debug|Any CPU
		Release|Any CPU = Release|Any CPU
	EndGlobalSection
	GlobalSection(ProjectConfigurationPlatforms) = postSolution
		{CBF60187-BC45-451A-BCD5-5813B6E80C36}.Debug|Any CPU.ActiveCfg = Debug|Any CPU
		{CBF60187-BC45-451A-BCD5-5813B6E80C36}.Debug|Any CPU.Build.0 = Debug|Any CPU
		{CBF60187-BC45-451A-BCD5-5813B6E80C36}.Release|Any CPU.ActiveCfg = Release|Any CPU
		{CBF60187-BC45-451A-BCD5-5813B6E80C36}.Release|Any CPU.Build.0 = Release|Any CPU
		{5A4A80FB-5308-472E-9D62-951DD533FDD6}.Debug|Any CPU.ActiveCfg = Debug|Any CPU
		{5A4A80FB-5308-472E-9D62-951DD533FDD6}.Debug|Any CPU.Build.0 = Debug|Any CPU
		{5A4A80FB-5308-472E-9D62-951DD533FDD6}.Release|Any CPU.ActiveCfg = Release|Any CPU
		{5A4A80FB-5308-472E-9D62-951DD533FDD6}.Release|Any CPU.Build.0 = Release|Any CPU
	EndGlobalSection
	GlobalSection(SolutionProperties) = preSolution
		HideSolutionNode = FALSE
	EndGlobalSection
	GlobalSection(ExtensibilityGlobals) = postSolution
		SolutionGuid = {0D454DF0-EC40-4ECE-B222-76BD1D24D10F}
	EndGlobalSection
EndGlobal
